<?xml version="1.0" encoding="utf-8"?>
<Project ToolsVersion="4.0" xmlns="http://schemas.microsoft.com/developer/msbuild/2003">
  <ItemGroup>
    <Filter Include="Source Files">
      <UniqueIdentifier>{4FC737F1-C7A5-4376-A066-2A32D752A2FF}</UniqueIdentifier>
      <Extensions>cpp;c;cc;cxx;def;odl;idl;hpj;bat;asm;asmx</Extensions>
    </Filter>
    <Filter Include="Header Files">
      <UniqueIdentifier>{93995380-89BD-4b04-88EB-625FBE52EBFB}</UniqueIdentifier>
      <Extensions>h;hh;hpp;hxx;hm;inl;inc;xsd</Extensions>
    </Filter>
    <Filter Include="Resource Files">
      <UniqueIdentifier>{67DA6AB6-F800-4c08-8B7A-83BB121AAD01}</UniqueIdentifier>
      <Extensions>rc;ico;cur;bmp;dlg;rc2;rct;bin;rgs;gif;jpg;jpeg;jpe;resx;tiff;tif;png;wav;mfcribbon-ms</Extensions>
    </Filter>
    <Filter Include="Header Files\GTG">
      <UniqueIdentifier>{467534e2-72a4-4cc5-ab3b-2de9018ff7fb}</UniqueIdentifier>
    </Filter>
    <Filter Include="Source Files\GTG">
      <UniqueIdentifier>{36d7e68e-1bf0-4d03-b6ab-7768f0d7c9d3}</UniqueIdentifier>
    </Filter>
    <Filter Include="Header Files\GTG\World">
      <UniqueIdentifier>{ea914f69-a170-4158-80bb-5ab3067bf806}</UniqueIdentifier>
    </Filter>
    <Filter Include="Source Files\GTG\World">
      <UniqueIdentifier>{4f273119-d2f1-44c4-baef-9fc9554c571c}</UniqueIdentifier>
    </Filter>
  </ItemGroup>
  <ItemGroup>
    <ClCompile Include="winmain.cpp">
      <Filter>Source Files</Filter>
    </ClCompile>
    <ClCompile Include="D3DApp.cpp">
      <Filter>Source Files</Filter>
    </ClCompile>
    <ClCompile Include="GTexCube.cpp">
      <Filter>Source Files</Filter>
    </ClCompile>
    <ClCompile Include="Input.cpp">
      <Filter>Source Files\GTG</Filter>
    </ClCompile>
    <ClCompile Include="Output.cpp">
      <Filter>Source Files\GTG</Filter>
    </ClCompile>
    <ClCompile Include="Test.cpp">
      <Filter>Source Files\GTG</Filter>
    </ClCompile>
    <ClCompile Include="Camera.cpp">
      <Filter>Source Files\GTG</Filter>
    </ClCompile>
    <ClCompile Include="Block.cpp">
      <Filter>Source Files\GTG</Filter>
    </ClCompile>
    <ClCompile Include="Chunk.cpp">
      <Filter>Source Files\GTG</Filter>
    </ClCompile>
    <ClCompile Include="World.cpp">
      <Filter>Source Files\GTG\World</Filter>
    </ClCompile>
  </ItemGroup>
  <ItemGroup>
    <ClInclude Include="D3DApp.h">
      <Filter>Header Files</Filter>
    </ClInclude>
    <ClInclude Include="d3dUtil.h">
      <Filter>Header Files</Filter>
    </ClInclude>
    <ClInclude Include="GTexCube.h">
      <Filter>Header Files</Filter>
    </ClInclude>
    <ClInclude Include="Input.h">
      <Filter>Header Files\GTG</Filter>
    </ClInclude>
    <ClInclude Include="Output.h">
      <Filter>Header Files\GTG</Filter>
    </ClInclude>
    <ClInclude Include="Test.h">
      <Filter>Header Files\GTG</Filter>
    </ClInclude>
    <ClInclude Include="Camera.h">
      <Filter>Header Files\GTG</Filter>
    </ClInclude>
    <ClInclude Include="Block.h">
      <Filter>Header Files\GTG</Filter>
    </ClInclude>
    <ClInclude Include="Chunk.h">
      <Filter>Header Files\GTG</Filter>
    </ClInclude>
    <ClInclude Include="World.h">
      <Filter>Header Files\GTG\World</Filter>
    </ClInclude>
  </ItemGroup>
</Project>